
Microsoft Visual Studio Solution File, Format Version 12.00
# Visual Studio Version 16
VisualStudioVersion = 16.0.810.6
MinimumVisualStudioVersion = 10.0.40219.1
Project("{FAE04EC0-301F-11D3-BF4B-00C04F79EFBC}") = "SampleAuthApp", "SampleAuthApp\SampleAuthApp.csproj", "{60350549-3AE4-4CB5-B6B8-D0A322C012E1}"
EndProject
Global
	GlobalSection(SolutionConfigurationPlatforms) = preSolution
		Debug|Any CPU = Debug|Any CPU
		Release|Any CPU = Release|Any CPU
	EndGlobalSection
	GlobalSection(ProjectConfigurationPlatforms) = postSolution
		{60350549-3AE4-4CB5-B6B8-D0A322C012E1}.Debug|Any CPU.ActiveCfg = Debug|Any CPU
		{60350549-3AE4-4CB5-B6B8-D0A322C012E1}.Debug|Any CPU.Build.0 = Debug|Any CPU
		{60350549-3AE4-4CB5-B6B8-D0A322C012E1}.Release|Any CPU.ActiveCfg = Release|Any CPU
		{60350549-3AE4-4CB5-B6B8-D0A322C012E1}.Release|Any CPU.Build.0 = Release|Any CPU
	EndGlobalSection
	GlobalSection(SolutionProperties) = preSolution
		HideSolutionNode = FALSE
	EndGlobalSection
	GlobalSection(ExtensibilityGlobals) = postSolution
		SolutionGuid = {A5A70B90-DA37-4855-A092-44DB88122B63}
	EndGlobalSection
EndGlobal
