
Microsoft Visual Studio Solution File, Format Version 12.00
# Visual Studio Version 16
VisualStudioVersion = 16.0.30011.22
MinimumVisualStudioVersion = 10.0.40219.1
Project("{FAE04EC0-301F-11D3-BF4B-00C04F79EFBC}") = "SampleEmptyApp", "SampleEmptyApp\SampleEmptyApp.csproj", "{8312C3A7-8743-4402-9809-E2720BB375DA}"
EndProject
Global
	GlobalSection(SolutionConfigurationPlatforms) = preSolution
		Debug|Any CPU = Debug|Any CPU
		Release|Any CPU = Release|Any CPU
	EndGlobalSection
	GlobalSection(ProjectConfigurationPlatforms) = postSolution
		{8312C3A7-8743-4402-9809-E2720BB375DA}.Debug|Any CPU.ActiveCfg = Debug|Any CPU
		{8312C3A7-8743-4402-9809-E2720BB375DA}.Debug|Any CPU.Build.0 = Debug|Any CPU
		{8312C3A7-8743-4402-9809-E2720BB375DA}.Release|Any CPU.ActiveCfg = Release|Any CPU
		{8312C3A7-8743-4402-9809-E2720BB375DA}.Release|Any CPU.Build.0 = Release|Any CPU
	EndGlobalSection
	GlobalSection(SolutionProperties) = preSolution
		HideSolutionNode = FALSE
	EndGlobalSection
	GlobalSection(ExtensibilityGlobals) = postSolution
		SolutionGuid = {D778D585-3DFE-4769-8E7A-000D429C5695}
	EndGlobalSection
EndGlobal
